<?xml version="1.0" encoding="UTF-8"?>
<CodeBlocks_project_file>
	<FileVersion major="1" minor="6"/>
	<Project>
		<Option title="Vortexy"/>
		<Option makefile_is_custom="1"/>
		<Option compiler="gcc"/>
		<Option virtualFolders="CMake Files\;CMake Files\lib\;CMake Files\lib\glfw\;CMake Files\lib\glfw\src\;"/>
		<Build>
			<Target title="all">
				<Option working_dir="/home/rak/Dropbox/Dev/Vortexy"/>
				<Option type="4"/>
				<MakeCommands>
					<Build command="/usr/bin/gmake -j8 -f &quot;/home/rak/Dropbox/Dev/Vortexy/Makefile&quot;  VERBOSE=1 all"/>
					<CompileFile command="/usr/bin/gmake -j8 -f &quot;/home/rak/Dropbox/Dev/Vortexy/Makefile&quot;  VERBOSE=1 &quot;$file&quot;"/>
					<Clean command="/usr/bin/gmake -j8 -f &quot;/home/rak/Dropbox/Dev/Vortexy/Makefile&quot;  VERBOSE=1 clean"/>
					<DistClean command="/usr/bin/gmake -j8 -f &quot;/home/rak/Dropbox/Dev/Vortexy/Makefile&quot;  VERBOSE=1 clean"/>
				</MakeCommands>
			</Target>
			<Target title="install/strip">
				<Option working_dir="/home/rak/Dropbox/Dev/Vortexy"/>
				<Option type="4"/>
				<MakeCommands>
					<Build command="/usr/bin/gmake -j8 -f &quot;/home/rak/Dropbox/Dev/Vortexy/Makefile&quot;  VERBOSE=1 install/strip"/>
					<CompileFile command="/usr/bin/gmake -j8 -f &quot;/home/rak/Dropbox/Dev/Vortexy/Makefile&quot;  VERBOSE=1 &quot;$file&quot;"/>
					<Clean command="/usr/bin/gmake -j8 -f &quot;/home/rak/Dropbox/Dev/Vortexy/Makefile&quot;  VERBOSE=1 clean"/>
					<DistClean command="/usr/bin/gmake -j8 -f &quot;/home/rak/Dropbox/Dev/Vortexy/Makefile&quot;  VERBOSE=1 clean"/>
				</MakeCommands>
			</Target>
			<Target title="install/local">
				<Option working_dir="/home/rak/Dropbox/Dev/Vortexy"/>
				<Option type="4"/>
				<MakeCommands>
					<Build command="/usr/bin/gmake -j8 -f &quot;/home/rak/Dropbox/Dev/Vortexy/Makefile&quot;  VERBOSE=1 install/local"/>
					<CompileFile command="/usr/bin/gmake -j8 -f &quot;/home/rak/Dropbox/Dev/Vortexy/Makefile&quot;  VERBOSE=1 &quot;$file&quot;"/>
					<Clean command="/usr/bin/gmake -j8 -f &quot;/home/rak/Dropbox/Dev/Vortexy/Makefile&quot;  VERBOSE=1 clean"/>
					<DistClean command="/usr/bin/gmake -j8 -f &quot;/home/rak/Dropbox/Dev/Vortexy/Makefile&quot;  VERBOSE=1 clean"/>
				</MakeCommands>
			</Target>
			<Target title="install">
				<Option working_dir="/home/rak/Dropbox/Dev/Vortexy"/>
				<Option type="4"/>
				<MakeCommands>
					<Build command="/usr/bin/gmake -j8 -f &quot;/home/rak/Dropbox/Dev/Vortexy/Makefile&quot;  VERBOSE=1 install"/>
					<CompileFile command="/usr/bin/gmake -j8 -f &quot;/home/rak/Dropbox/Dev/Vortexy/Makefile&quot;  VERBOSE=1 &quot;$file&quot;"/>
					<Clean command="/usr/bin/gmake -j8 -f &quot;/home/rak/Dropbox/Dev/Vortexy/Makefile&quot;  VERBOSE=1 clean"/>
					<DistClean command="/usr/bin/gmake -j8 -f &quot;/home/rak/Dropbox/Dev/Vortexy/Makefile&quot;  VERBOSE=1 clean"/>
				</MakeCommands>
			</Target>
			<Target title="list_install_components">
				<Option working_dir="/home/rak/Dropbox/Dev/Vortexy"/>
				<Option type="4"/>
				<MakeCommands>
					<Build command="/usr/bin/gmake -j8 -f &quot;/home/rak/Dropbox/Dev/Vortexy/Makefile&quot;  VERBOSE=1 list_install_components"/>
					<CompileFile command="/usr/bin/gmake -j8 -f &quot;/home/rak/Dropbox/Dev/Vortexy/Makefile&quot;  VERBOSE=1 &quot;$file&quot;"/>
					<Clean command="/usr/bin/gmake -j8 -f &quot;/home/rak/Dropbox/Dev/Vortexy/Makefile&quot;  VERBOSE=1 clean"/>
					<DistClean command="/usr/bin/gmake -j8 -f &quot;/home/rak/Dropbox/Dev/Vortexy/Makefile&quot;  VERBOSE=1 clean"/>
				</MakeCommands>
			</Target>
			<Target title="rebuild_cache">
				<Option working_dir="/home/rak/Dropbox/Dev/Vortexy"/>
				<Option type="4"/>
				<MakeCommands>
					<Build command="/usr/bin/gmake -j8 -f &quot;/home/rak/Dropbox/Dev/Vortexy/Makefile&quot;  VERBOSE=1 rebuild_cache"/>
					<CompileFile command="/usr/bin/gmake -j8 -f &quot;/home/rak/Dropbox/Dev/Vortexy/Makefile&quot;  VERBOSE=1 &quot;$file&quot;"/>
					<Clean command="/usr/bin/gmake -j8 -f &quot;/home/rak/Dropbox/Dev/Vortexy/Makefile&quot;  VERBOSE=1 clean"/>
					<DistClean command="/usr/bin/gmake -j8 -f &quot;/home/rak/Dropbox/Dev/Vortexy/Makefile&quot;  VERBOSE=1 clean"/>
				</MakeCommands>
			</Target>
			<Target title="edit_cache">
				<Option working_dir="/home/rak/Dropbox/Dev/Vortexy"/>
				<Option type="4"/>
				<MakeCommands>
					<Build command="/usr/bin/gmake -j8 -f &quot;/home/rak/Dropbox/Dev/Vortexy/Makefile&quot;  VERBOSE=1 edit_cache"/>
					<CompileFile command="/usr/bin/gmake -j8 -f &quot;/home/rak/Dropbox/Dev/Vortexy/Makefile&quot;  VERBOSE=1 &quot;$file&quot;"/>
					<Clean command="/usr/bin/gmake -j8 -f &quot;/home/rak/Dropbox/Dev/Vortexy/Makefile&quot;  VERBOSE=1 clean"/>
					<DistClean command="/usr/bin/gmake -j8 -f &quot;/home/rak/Dropbox/Dev/Vortexy/Makefile&quot;  VERBOSE=1 clean"/>
				</MakeCommands>
			</Target>
			<Target title="Vortexy">
				<Option output="/home/rak/Dropbox/Dev/Vortexy/Vortexy" prefix_auto="0" extension_auto="0"/>
				<Option working_dir="/home/rak/Dropbox/Dev/Vortexy"/>
				<Option object_output="./"/>
				<Option type="1"/>
				<Option compiler="gcc"/>
				<Compiler>
					<Add directory="/home/rak/Dropbox/Dev/Vortexy/src"/>
					<Add directory="/home/rak/Dropbox/Dev/Vortexy/lib/glfw/include"/>
					<Add directory="/usr/lib/gcc/x86_64-redhat-linux/10/../../../../include/c++/10"/>
					<Add directory="/usr/lib/gcc/x86_64-redhat-linux/10/../../../../include/c++/10/x86_64-redhat-linux"/>
					<Add directory="/usr/lib/gcc/x86_64-redhat-linux/10/../../../../include/c++/10/backward"/>
					<Add directory="/usr/lib/gcc/x86_64-redhat-linux/10/include"/>
					<Add directory="/usr/local/include"/>
					<Add directory="/usr/include"/>
				</Compiler>
				<MakeCommands>
					<Build command="/usr/bin/gmake -j8 -f &quot;/home/rak/Dropbox/Dev/Vortexy/Makefile&quot;  VERBOSE=1 Vortexy"/>
					<CompileFile command="/usr/bin/gmake -j8 -f &quot;/home/rak/Dropbox/Dev/Vortexy/Makefile&quot;  VERBOSE=1 &quot;$file&quot;"/>
					<Clean command="/usr/bin/gmake -j8 -f &quot;/home/rak/Dropbox/Dev/Vortexy/Makefile&quot;  VERBOSE=1 clean"/>
					<DistClean command="/usr/bin/gmake -j8 -f &quot;/home/rak/Dropbox/Dev/Vortexy/Makefile&quot;  VERBOSE=1 clean"/>
				</MakeCommands>
			</Target>
			<Target title="Vortexy/fast">
				<Option output="/home/rak/Dropbox/Dev/Vortexy/Vortexy" prefix_auto="0" extension_auto="0"/>
				<Option working_dir="/home/rak/Dropbox/Dev/Vortexy"/>
				<Option object_output="./"/>
				<Option type="1"/>
				<Option compiler="gcc"/>
				<Compiler>
					<Add directory="/home/rak/Dropbox/Dev/Vortexy/src"/>
					<Add directory="/home/rak/Dropbox/Dev/Vortexy/lib/glfw/include"/>
					<Add directory="/usr/lib/gcc/x86_64-redhat-linux/10/../../../../include/c++/10"/>
					<Add directory="/usr/lib/gcc/x86_64-redhat-linux/10/../../../../include/c++/10/x86_64-redhat-linux"/>
					<Add directory="/usr/lib/gcc/x86_64-redhat-linux/10/../../../../include/c++/10/backward"/>
					<Add directory="/usr/lib/gcc/x86_64-redhat-linux/10/include"/>
					<Add directory="/usr/local/include"/>
					<Add directory="/usr/include"/>
				</Compiler>
				<MakeCommands>
					<Build command="/usr/bin/gmake -j8 -f &quot;/home/rak/Dropbox/Dev/Vortexy/Makefile&quot;  VERBOSE=1 Vortexy/fast"/>
					<CompileFile command="/usr/bin/gmake -j8 -f &quot;/home/rak/Dropbox/Dev/Vortexy/Makefile&quot;  VERBOSE=1 &quot;$file&quot;"/>
					<Clean command="/usr/bin/gmake -j8 -f &quot;/home/rak/Dropbox/Dev/Vortexy/Makefile&quot;  VERBOSE=1 clean"/>
					<DistClean command="/usr/bin/gmake -j8 -f &quot;/home/rak/Dropbox/Dev/Vortexy/Makefile&quot;  VERBOSE=1 clean"/>
				</MakeCommands>
			</Target>
			<Target title="uninstall">
				<Option working_dir="/home/rak/Dropbox/Dev/Vortexy/lib/glfw"/>
				<Option type="4"/>
				<MakeCommands>
					<Build command="/usr/bin/gmake -j8 -f &quot;/home/rak/Dropbox/Dev/Vortexy/lib/glfw/Makefile&quot;  VERBOSE=1 uninstall"/>
					<CompileFile command="/usr/bin/gmake -j8 -f &quot;/home/rak/Dropbox/Dev/Vortexy/lib/glfw/Makefile&quot;  VERBOSE=1 &quot;$file&quot;"/>
					<Clean command="/usr/bin/gmake -j8 -f &quot;/home/rak/Dropbox/Dev/Vortexy/lib/glfw/Makefile&quot;  VERBOSE=1 clean"/>
					<DistClean command="/usr/bin/gmake -j8 -f &quot;/home/rak/Dropbox/Dev/Vortexy/lib/glfw/Makefile&quot;  VERBOSE=1 clean"/>
				</MakeCommands>
			</Target>
			<Target title="glfw">
				<Option output="/home/rak/Dropbox/Dev/Vortexy/lib/glfw/src/libglfw3.a" prefix_auto="0" extension_auto="0"/>
				<Option working_dir="/home/rak/Dropbox/Dev/Vortexy/lib/glfw/src"/>
				<Option object_output="./"/>
				<Option type="2"/>
				<Option compiler="gcc"/>
				<Compiler>
					<Add option="-D_GLFW_USE_CONFIG_H"/>
					<Add directory="/home/rak/Dropbox/Dev/Vortexy/src"/>
					<Add directory="/home/rak/Dropbox/Dev/Vortexy/lib/glfw/include"/>
					<Add directory="/home/rak/Dropbox/Dev/Vortexy/lib/glfw/src"/>
					<Add directory="/usr/lib/gcc/x86_64-redhat-linux/10/../../../../include/c++/10"/>
					<Add directory="/usr/lib/gcc/x86_64-redhat-linux/10/../../../../include/c++/10/x86_64-redhat-linux"/>
					<Add directory="/usr/lib/gcc/x86_64-redhat-linux/10/../../../../include/c++/10/backward"/>
					<Add directory="/usr/lib/gcc/x86_64-redhat-linux/10/include"/>
					<Add directory="/usr/local/include"/>
					<Add directory="/usr/include"/>
				</Compiler>
				<MakeCommands>
					<Build command="/usr/bin/gmake -j8 -f &quot;/home/rak/Dropbox/Dev/Vortexy/lib/glfw/src/Makefile&quot;  VERBOSE=1 glfw"/>
					<CompileFile command="/usr/bin/gmake -j8 -f &quot;/home/rak/Dropbox/Dev/Vortexy/lib/glfw/src/Makefile&quot;  VERBOSE=1 &quot;$file&quot;"/>
					<Clean command="/usr/bin/gmake -j8 -f &quot;/home/rak/Dropbox/Dev/Vortexy/lib/glfw/src/Makefile&quot;  VERBOSE=1 clean"/>
					<DistClean command="/usr/bin/gmake -j8 -f &quot;/home/rak/Dropbox/Dev/Vortexy/lib/glfw/src/Makefile&quot;  VERBOSE=1 clean"/>
				</MakeCommands>
			</Target>
			<Target title="glfw/fast">
				<Option output="/home/rak/Dropbox/Dev/Vortexy/lib/glfw/src/libglfw3.a" prefix_auto="0" extension_auto="0"/>
				<Option working_dir="/home/rak/Dropbox/Dev/Vortexy/lib/glfw/src"/>
				<Option object_output="./"/>
				<Option type="2"/>
				<Option compiler="gcc"/>
				<Compiler>
					<Add option="-D_GLFW_USE_CONFIG_H"/>
					<Add directory="/home/rak/Dropbox/Dev/Vortexy/src"/>
					<Add directory="/home/rak/Dropbox/Dev/Vortexy/lib/glfw/include"/>
					<Add directory="/home/rak/Dropbox/Dev/Vortexy/lib/glfw/src"/>
					<Add directory="/usr/lib/gcc/x86_64-redhat-linux/10/../../../../include/c++/10"/>
					<Add directory="/usr/lib/gcc/x86_64-redhat-linux/10/../../../../include/c++/10/x86_64-redhat-linux"/>
					<Add directory="/usr/lib/gcc/x86_64-redhat-linux/10/../../../../include/c++/10/backward"/>
					<Add directory="/usr/lib/gcc/x86_64-redhat-linux/10/include"/>
					<Add directory="/usr/local/include"/>
					<Add directory="/usr/include"/>
				</Compiler>
				<MakeCommands>
					<Build command="/usr/bin/gmake -j8 -f &quot;/home/rak/Dropbox/Dev/Vortexy/lib/glfw/src/Makefile&quot;  VERBOSE=1 glfw/fast"/>
					<CompileFile command="/usr/bin/gmake -j8 -f &quot;/home/rak/Dropbox/Dev/Vortexy/lib/glfw/src/Makefile&quot;  VERBOSE=1 &quot;$file&quot;"/>
					<Clean command="/usr/bin/gmake -j8 -f &quot;/home/rak/Dropbox/Dev/Vortexy/lib/glfw/src/Makefile&quot;  VERBOSE=1 clean"/>
					<DistClean command="/usr/bin/gmake -j8 -f &quot;/home/rak/Dropbox/Dev/Vortexy/lib/glfw/src/Makefile&quot;  VERBOSE=1 clean"/>
				</MakeCommands>
			</Target>
		</Build>
		<Unit filename="/home/rak/Dropbox/Dev/Vortexy/lib/glfw/include/GLFW/glfw3.h">
			<Option target="glfw"/>
		</Unit>
		<Unit filename="/home/rak/Dropbox/Dev/Vortexy/lib/glfw/include/GLFW/glfw3native.h">
			<Option target="glfw"/>
		</Unit>
		<Unit filename="/home/rak/Dropbox/Dev/Vortexy/lib/glfw/src/context.c">
			<Option target="glfw"/>
		</Unit>
		<Unit filename="/home/rak/Dropbox/Dev/Vortexy/lib/glfw/src/egl_context.c">
			<Option target="glfw"/>
		</Unit>
		<Unit filename="/home/rak/Dropbox/Dev/Vortexy/lib/glfw/src/egl_context.h">
			<Option target="glfw"/>
		</Unit>
		<Unit filename="/home/rak/Dropbox/Dev/Vortexy/lib/glfw/src/glfw_config.h">
			<Option target="glfw"/>
		</Unit>
		<Unit filename="/home/rak/Dropbox/Dev/Vortexy/lib/glfw/src/glx_context.c">
			<Option target="glfw"/>
		</Unit>
		<Unit filename="/home/rak/Dropbox/Dev/Vortexy/lib/glfw/src/glx_context.h">
			<Option target="glfw"/>
		</Unit>
		<Unit filename="/home/rak/Dropbox/Dev/Vortexy/lib/glfw/src/init.c">
			<Option target="glfw"/>
		</Unit>
		<Unit filename="/home/rak/Dropbox/Dev/Vortexy/lib/glfw/src/input.c">
			<Option target="glfw"/>
		</Unit>
		<Unit filename="/home/rak/Dropbox/Dev/Vortexy/lib/glfw/src/internal.h">
			<Option target="glfw"/>
		</Unit>
		<Unit filename="/home/rak/Dropbox/Dev/Vortexy/lib/glfw/src/linux_joystick.c">
			<Option target="glfw"/>
		</Unit>
		<Unit filename="/home/rak/Dropbox/Dev/Vortexy/lib/glfw/src/linux_joystick.h">
			<Option target="glfw"/>
		</Unit>
		<Unit filename="/home/rak/Dropbox/Dev/Vortexy/lib/glfw/src/mappings.h">
			<Option target="glfw"/>
		</Unit>
		<Unit filename="/home/rak/Dropbox/Dev/Vortexy/lib/glfw/src/monitor.c">
			<Option target="glfw"/>
		</Unit>
		<Unit filename="/home/rak/Dropbox/Dev/Vortexy/lib/glfw/src/osmesa_context.c">
			<Option target="glfw"/>
		</Unit>
		<Unit filename="/home/rak/Dropbox/Dev/Vortexy/lib/glfw/src/osmesa_context.h">
			<Option target="glfw"/>
		</Unit>
		<Unit filename="/home/rak/Dropbox/Dev/Vortexy/lib/glfw/src/posix_thread.c">
			<Option target="glfw"/>
		</Unit>
		<Unit filename="/home/rak/Dropbox/Dev/Vortexy/lib/glfw/src/posix_thread.h">
			<Option target="glfw"/>
		</Unit>
		<Unit filename="/home/rak/Dropbox/Dev/Vortexy/lib/glfw/src/posix_time.c">
			<Option target="glfw"/>
		</Unit>
		<Unit filename="/home/rak/Dropbox/Dev/Vortexy/lib/glfw/src/posix_time.h">
			<Option target="glfw"/>
		</Unit>
		<Unit filename="/home/rak/Dropbox/Dev/Vortexy/lib/glfw/src/vulkan.c">
			<Option target="glfw"/>
		</Unit>
		<Unit filename="/home/rak/Dropbox/Dev/Vortexy/lib/glfw/src/window.c">
			<Option target="glfw"/>
		</Unit>
		<Unit filename="/home/rak/Dropbox/Dev/Vortexy/lib/glfw/src/x11_init.c">
			<Option target="glfw"/>
		</Unit>
		<Unit filename="/home/rak/Dropbox/Dev/Vortexy/lib/glfw/src/x11_monitor.c">
			<Option target="glfw"/>
		</Unit>
		<Unit filename="/home/rak/Dropbox/Dev/Vortexy/lib/glfw/src/x11_platform.h">
			<Option target="glfw"/>
		</Unit>
		<Unit filename="/home/rak/Dropbox/Dev/Vortexy/lib/glfw/src/x11_window.c">
			<Option target="glfw"/>
		</Unit>
		<Unit filename="/home/rak/Dropbox/Dev/Vortexy/lib/glfw/src/xkb_unicode.c">
			<Option target="glfw"/>
		</Unit>
		<Unit filename="/home/rak/Dropbox/Dev/Vortexy/lib/glfw/src/xkb_unicode.h">
			<Option target="glfw"/>
		</Unit>
		<Unit filename="/home/rak/Dropbox/Dev/Vortexy/src/main.c">
			<Option target="Vortexy"/>
		</Unit>
		<Unit filename="/home/rak/Dropbox/Dev/Vortexy/src/phys/fluid.c">
			<Option target="Vortexy"/>
		</Unit>
		<Unit filename="/home/rak/Dropbox/Dev/Vortexy/src/phys/fluid.h">
			<Option target="Vortexy"/>
		</Unit>
		<Unit filename="/home/rak/Dropbox/Dev/Vortexy/src/phys/gradient.c">
			<Option target="Vortexy"/>
		</Unit>
		<Unit filename="/home/rak/Dropbox/Dev/Vortexy/src/phys/gradient.h">
			<Option target="Vortexy"/>
		</Unit>
		<Unit filename="/home/rak/Dropbox/Dev/Vortexy/src/phys/mesh.c">
			<Option target="Vortexy"/>
		</Unit>
		<Unit filename="/home/rak/Dropbox/Dev/Vortexy/src/phys/mesh.h">
			<Option target="Vortexy"/>
		</Unit>
		<Unit filename="/home/rak/Dropbox/Dev/Vortexy/src/phys/obj.c">
			<Option target="Vortexy"/>
		</Unit>
		<Unit filename="/home/rak/Dropbox/Dev/Vortexy/src/phys/obj.h">
			<Option target="Vortexy"/>
		</Unit>
		<Unit filename="/home/rak/Dropbox/Dev/Vortexy/src/phys/solver.c">
			<Option target="Vortexy"/>
		</Unit>
		<Unit filename="/home/rak/Dropbox/Dev/Vortexy/src/phys/solver.h">
			<Option target="Vortexy"/>
		</Unit>
		<Unit filename="/home/rak/Dropbox/Dev/Vortexy/src/phys/sys.c">
			<Option target="Vortexy"/>
		</Unit>
		<Unit filename="/home/rak/Dropbox/Dev/Vortexy/src/phys/sys.h">
			<Option target="Vortexy"/>
		</Unit>
		<Unit filename="/home/rak/Dropbox/Dev/Vortexy/src/phys/volume.c">
			<Option target="Vortexy"/>
		</Unit>
		<Unit filename="/home/rak/Dropbox/Dev/Vortexy/src/phys/volume.h">
			<Option target="Vortexy"/>
		</Unit>
		<Unit filename="/home/rak/Dropbox/Dev/Vortexy/src/render/draw.c">
			<Option target="Vortexy"/>
		</Unit>
		<Unit filename="/home/rak/Dropbox/Dev/Vortexy/src/render/input.h">
			<Option target="Vortexy"/>
		</Unit>
		<Unit filename="/home/rak/Dropbox/Dev/Vortexy/src/render/render.c">
			<Option target="Vortexy"/>
		</Unit>
		<Unit filename="/home/rak/Dropbox/Dev/Vortexy/src/render/render.h">
			<Option target="Vortexy"/>
		</Unit>
		<Unit filename="/home/rak/Dropbox/Dev/Vortexy/src/render/shader.c">
			<Option target="Vortexy"/>
		</Unit>
		<Unit filename="/home/rak/Dropbox/Dev/Vortexy/src/render/shader.h">
			<Option target="Vortexy"/>
		</Unit>
		<Unit filename="/home/rak/Dropbox/Dev/Vortexy/src/render/texture.c">
			<Option target="Vortexy"/>
		</Unit>
		<Unit filename="/home/rak/Dropbox/Dev/Vortexy/src/render/texture.h">
			<Option target="Vortexy"/>
		</Unit>
		<Unit filename="/home/rak/Dropbox/Dev/Vortexy/src/render/window.c">
			<Option target="Vortexy"/>
		</Unit>
		<Unit filename="/home/rak/Dropbox/Dev/Vortexy/src/render/window.h">
			<Option target="Vortexy"/>
		</Unit>
		<Unit filename="/home/rak/Dropbox/Dev/Vortexy/src/sim.c">
			<Option target="Vortexy"/>
		</Unit>
		<Unit filename="/home/rak/Dropbox/Dev/Vortexy/src/sim.h">
			<Option target="Vortexy"/>
		</Unit>
		<Unit filename="/home/rak/Dropbox/Dev/Vortexy/src/util/algebra.c">
			<Option target="Vortexy"/>
		</Unit>
		<Unit filename="/home/rak/Dropbox/Dev/Vortexy/src/util/algebra.h">
			<Option target="Vortexy"/>
		</Unit>
		<Unit filename="/home/rak/Dropbox/Dev/Vortexy/src/util/cfgParser.h">
			<Option target="Vortexy"/>
		</Unit>
		<Unit filename="/home/rak/Dropbox/Dev/Vortexy/src/util/mat.c">
			<Option target="Vortexy"/>
		</Unit>
		<Unit filename="/home/rak/Dropbox/Dev/Vortexy/src/util/mat.h">
			<Option target="Vortexy"/>
		</Unit>
		<Unit filename="/home/rak/Dropbox/Dev/Vortexy/src/util/meshParser.h">
			<Option target="Vortexy"/>
		</Unit>
		<Unit filename="/home/rak/Dropbox/Dev/Vortexy/src/util/objParser.h">
			<Option target="Vortexy"/>
		</Unit>
		<Unit filename="/home/rak/Dropbox/Dev/Vortexy/src/util/randomUtil.h">
			<Option target="Vortexy"/>
		</Unit>
		<Unit filename="/home/rak/Dropbox/Dev/Vortexy/src/util/texLoader.h">
			<Option target="Vortexy"/>
		</Unit>
		<Unit filename="/home/rak/Dropbox/Dev/Vortexy/src/util/timeUtil.h">
			<Option target="Vortexy"/>
		</Unit>
		<Unit filename="/home/rak/Dropbox/Dev/Vortexy/src/util/util.c">
			<Option target="Vortexy"/>
		</Unit>
		<Unit filename="/home/rak/Dropbox/Dev/Vortexy/src/util/util.h">
			<Option target="Vortexy"/>
		</Unit>
		<Unit filename="/home/rak/Dropbox/Dev/Vortexy/src/util/vec.c">
			<Option target="Vortexy"/>
		</Unit>
		<Unit filename="/home/rak/Dropbox/Dev/Vortexy/src/util/vec.h">
			<Option target="Vortexy"/>
		</Unit>
		<Unit filename="/home/rak/Dropbox/Dev/Vortexy/CMakeLists.txt">
			<Option virtualFolder="CMake Files\"/>
		</Unit>
		<Unit filename="/home/rak/Dropbox/Dev/Vortexy/lib/glfw/CMakeLists.txt">
			<Option virtualFolder="CMake Files\lib\glfw\"/>
		</Unit>
		<Unit filename="/home/rak/Dropbox/Dev/Vortexy/lib/glfw/cmake_uninstall.cmake.in">
			<Option virtualFolder="CMake Files\lib\glfw\"/>
		</Unit>
		<Unit filename="/home/rak/Dropbox/Dev/Vortexy/lib/glfw/src/CMakeLists.txt">
			<Option virtualFolder="CMake Files\lib\glfw\src\"/>
		</Unit>
		<Unit filename="/home/rak/Dropbox/Dev/Vortexy/lib/glfw/src/glfw3.pc.in">
			<Option virtualFolder="CMake Files\lib\glfw\src\"/>
		</Unit>
		<Unit filename="/home/rak/Dropbox/Dev/Vortexy/lib/glfw/src/glfw3Config.cmake.in">
			<Option virtualFolder="CMake Files\lib\glfw\src\"/>
		</Unit>
		<Unit filename="/home/rak/Dropbox/Dev/Vortexy/lib/glfw/src/glfw_config.h.in">
			<Option virtualFolder="CMake Files\lib\glfw\src\"/>
		</Unit>
	</Project>
</CodeBlocks_project_file>
