<?xml version="1.0" encoding="UTF-8"?>
<CodeBlocks_project_file>
	<FileVersion major="1" minor="6"/>
	<Project>
		<Option title="Vortexy"/>
		<Option makefile_is_custom="1"/>
		<Option compiler="gcc"/>
		<Option virtualFolders="CMake Files\;"/>
		<Build>
			<Target title="all">
				<Option working_dir="/home/rak/Dropbox/Dev/Vortexy"/>
				<Option type="4"/>
				<MakeCommands>
					<Build command="/usr/bin/gmake -f &quot;/home/rak/Dropbox/Dev/Vortexy/Makefile&quot;  VERBOSE=1 all"/>
					<CompileFile command="/usr/bin/gmake -f &quot;/home/rak/Dropbox/Dev/Vortexy/Makefile&quot;  VERBOSE=1 &quot;$file&quot;"/>
					<Clean command="/usr/bin/gmake -f &quot;/home/rak/Dropbox/Dev/Vortexy/Makefile&quot;  VERBOSE=1 clean"/>
					<DistClean command="/usr/bin/gmake -f &quot;/home/rak/Dropbox/Dev/Vortexy/Makefile&quot;  VERBOSE=1 clean"/>
				</MakeCommands>
			</Target>
			<Target title="rebuild_cache">
				<Option working_dir="/home/rak/Dropbox/Dev/Vortexy"/>
				<Option type="4"/>
				<MakeCommands>
					<Build command="/usr/bin/gmake -f &quot;/home/rak/Dropbox/Dev/Vortexy/Makefile&quot;  VERBOSE=1 rebuild_cache"/>
					<CompileFile command="/usr/bin/gmake -f &quot;/home/rak/Dropbox/Dev/Vortexy/Makefile&quot;  VERBOSE=1 &quot;$file&quot;"/>
					<Clean command="/usr/bin/gmake -f &quot;/home/rak/Dropbox/Dev/Vortexy/Makefile&quot;  VERBOSE=1 clean"/>
					<DistClean command="/usr/bin/gmake -f &quot;/home/rak/Dropbox/Dev/Vortexy/Makefile&quot;  VERBOSE=1 clean"/>
				</MakeCommands>
			</Target>
			<Target title="Vortexy">
				<Option output="/home/rak/Dropbox/Dev/Vortexy/Vortexy" prefix_auto="0" extension_auto="0"/>
				<Option working_dir="/home/rak/Dropbox/Dev/Vortexy"/>
				<Option object_output="./"/>
				<Option type="1"/>
				<Option compiler="gcc"/>
				<Compiler>
					<Add directory="/home/rak/Dropbox/Dev/Vortexy/src"/>
				</Compiler>
				<MakeCommands>
					<Build command="/usr/bin/gmake -f &quot;/home/rak/Dropbox/Dev/Vortexy/Makefile&quot;  VERBOSE=1 Vortexy"/>
					<CompileFile command="/usr/bin/gmake -f &quot;/home/rak/Dropbox/Dev/Vortexy/Makefile&quot;  VERBOSE=1 &quot;$file&quot;"/>
					<Clean command="/usr/bin/gmake -f &quot;/home/rak/Dropbox/Dev/Vortexy/Makefile&quot;  VERBOSE=1 clean"/>
					<DistClean command="/usr/bin/gmake -f &quot;/home/rak/Dropbox/Dev/Vortexy/Makefile&quot;  VERBOSE=1 clean"/>
				</MakeCommands>
			</Target>
			<Target title="Vortexy/fast">
				<Option output="/home/rak/Dropbox/Dev/Vortexy/Vortexy" prefix_auto="0" extension_auto="0"/>
				<Option working_dir="/home/rak/Dropbox/Dev/Vortexy"/>
				<Option object_output="./"/>
				<Option type="1"/>
				<Option compiler="gcc"/>
				<Compiler>
					<Add directory="/home/rak/Dropbox/Dev/Vortexy/src"/>
				</Compiler>
				<MakeCommands>
					<Build command="/usr/bin/gmake -f &quot;/home/rak/Dropbox/Dev/Vortexy/Makefile&quot;  VERBOSE=1 Vortexy/fast"/>
					<CompileFile command="/usr/bin/gmake -f &quot;/home/rak/Dropbox/Dev/Vortexy/Makefile&quot;  VERBOSE=1 &quot;$file&quot;"/>
					<Clean command="/usr/bin/gmake -f &quot;/home/rak/Dropbox/Dev/Vortexy/Makefile&quot;  VERBOSE=1 clean"/>
					<DistClean command="/usr/bin/gmake -f &quot;/home/rak/Dropbox/Dev/Vortexy/Makefile&quot;  VERBOSE=1 clean"/>
				</MakeCommands>
			</Target>
			<Target title="edit_cache">
				<Option working_dir="/home/rak/Dropbox/Dev/Vortexy"/>
				<Option type="4"/>
				<MakeCommands>
					<Build command="/usr/bin/gmake -f &quot;/home/rak/Dropbox/Dev/Vortexy/Makefile&quot;  VERBOSE=1 edit_cache"/>
					<CompileFile command="/usr/bin/gmake -f &quot;/home/rak/Dropbox/Dev/Vortexy/Makefile&quot;  VERBOSE=1 &quot;$file&quot;"/>
					<Clean command="/usr/bin/gmake -f &quot;/home/rak/Dropbox/Dev/Vortexy/Makefile&quot;  VERBOSE=1 clean"/>
					<DistClean command="/usr/bin/gmake -f &quot;/home/rak/Dropbox/Dev/Vortexy/Makefile&quot;  VERBOSE=1 clean"/>
				</MakeCommands>
			</Target>
		</Build>
		<Unit filename="/home/rak/Dropbox/Dev/Vortexy/src/main.c">
			<Option target="Vortexy"/>
		</Unit>
		<Unit filename="/home/rak/Dropbox/Dev/Vortexy/src/phys/field.c">
			<Option target="Vortexy"/>
		</Unit>
		<Unit filename="/home/rak/Dropbox/Dev/Vortexy/src/phys/field.h">
			<Option target="Vortexy"/>
		</Unit>
		<Unit filename="/home/rak/Dropbox/Dev/Vortexy/src/phys/fluid.h">
			<Option target="Vortexy"/>
		</Unit>
		<Unit filename="/home/rak/Dropbox/Dev/Vortexy/src/phys/mat.c">
			<Option target="Vortexy"/>
		</Unit>
		<Unit filename="/home/rak/Dropbox/Dev/Vortexy/src/phys/mat.h">
			<Option target="Vortexy"/>
		</Unit>
		<Unit filename="/home/rak/Dropbox/Dev/Vortexy/src/phys/mesh.c">
			<Option target="Vortexy"/>
		</Unit>
		<Unit filename="/home/rak/Dropbox/Dev/Vortexy/src/phys/mesh.h">
			<Option target="Vortexy"/>
		</Unit>
		<Unit filename="/home/rak/Dropbox/Dev/Vortexy/src/phys/obj.c">
			<Option target="Vortexy"/>
		</Unit>
		<Unit filename="/home/rak/Dropbox/Dev/Vortexy/src/phys/obj.h">
			<Option target="Vortexy"/>
		</Unit>
		<Unit filename="/home/rak/Dropbox/Dev/Vortexy/src/phys/sys.c">
			<Option target="Vortexy"/>
		</Unit>
		<Unit filename="/home/rak/Dropbox/Dev/Vortexy/src/phys/sys.h">
			<Option target="Vortexy"/>
		</Unit>
		<Unit filename="/home/rak/Dropbox/Dev/Vortexy/src/phys/vec.c">
			<Option target="Vortexy"/>
		</Unit>
		<Unit filename="/home/rak/Dropbox/Dev/Vortexy/src/phys/vec.h">
			<Option target="Vortexy"/>
		</Unit>
		<Unit filename="/home/rak/Dropbox/Dev/Vortexy/src/render/draw.c">
			<Option target="Vortexy"/>
		</Unit>
		<Unit filename="/home/rak/Dropbox/Dev/Vortexy/src/render/render.c">
			<Option target="Vortexy"/>
		</Unit>
		<Unit filename="/home/rak/Dropbox/Dev/Vortexy/src/render/render.h">
			<Option target="Vortexy"/>
		</Unit>
		<Unit filename="/home/rak/Dropbox/Dev/Vortexy/src/render/shader.c">
			<Option target="Vortexy"/>
		</Unit>
		<Unit filename="/home/rak/Dropbox/Dev/Vortexy/src/render/shader.h">
			<Option target="Vortexy"/>
		</Unit>
		<Unit filename="/home/rak/Dropbox/Dev/Vortexy/src/render/texture.c">
			<Option target="Vortexy"/>
		</Unit>
		<Unit filename="/home/rak/Dropbox/Dev/Vortexy/src/render/texture.h">
			<Option target="Vortexy"/>
		</Unit>
		<Unit filename="/home/rak/Dropbox/Dev/Vortexy/src/render/window.c">
			<Option target="Vortexy"/>
		</Unit>
		<Unit filename="/home/rak/Dropbox/Dev/Vortexy/src/render/window.h">
			<Option target="Vortexy"/>
		</Unit>
		<Unit filename="/home/rak/Dropbox/Dev/Vortexy/src/sim.c">
			<Option target="Vortexy"/>
		</Unit>
		<Unit filename="/home/rak/Dropbox/Dev/Vortexy/src/sim.h">
			<Option target="Vortexy"/>
		</Unit>
		<Unit filename="/home/rak/Dropbox/Dev/Vortexy/src/util/arrayUtil.h">
			<Option target="Vortexy"/>
		</Unit>
		<Unit filename="/home/rak/Dropbox/Dev/Vortexy/src/util/cfgParser.h">
			<Option target="Vortexy"/>
		</Unit>
		<Unit filename="/home/rak/Dropbox/Dev/Vortexy/src/util/objParser.h">
			<Option target="Vortexy"/>
		</Unit>
		<Unit filename="/home/rak/Dropbox/Dev/Vortexy/src/util/randomUtil.h">
			<Option target="Vortexy"/>
		</Unit>
		<Unit filename="/home/rak/Dropbox/Dev/Vortexy/src/util/texLoader.h">
			<Option target="Vortexy"/>
		</Unit>
		<Unit filename="/home/rak/Dropbox/Dev/Vortexy/src/util/timeUtil.h">
			<Option target="Vortexy"/>
		</Unit>
		<Unit filename="/home/rak/Dropbox/Dev/Vortexy/CMakeLists.txt">
			<Option virtualFolder="CMake Files\"/>
		</Unit>
	</Project>
</CodeBlocks_project_file>
